
Microsoft Visual Studio Solution File, Format Version 12.00
# Visual Studio Version 16
VisualStudioVersion = 16.0.29326.143
MinimumVisualStudioVersion = 10.0.40219.1
Project("{FAE04EC0-301F-11D3-BF4B-00C04F79EFBC}") = "Classwork", "Classwork\Classwork.csproj", "{D441A5C3-6B0E-4D8B-B298-00E778A94768}"
EndProject
Global
	GlobalSection(SolutionConfigurationPlatforms) = preSolution
		Debug|Any CPU = Debug|Any CPU
		Release|Any CPU = Release|Any CPU
	EndGlobalSection
	GlobalSection(ProjectConfigurationPlatforms) = postSolution
		{D441A5C3-6B0E-4D8B-B298-00E778A94768}.Debug|Any CPU.ActiveCfg = Debug|Any CPU
		{D441A5C3-6B0E-4D8B-B298-00E778A94768}.Debug|Any CPU.Build.0 = Debug|Any CPU
		{D441A5C3-6B0E-4D8B-B298-00E778A94768}.Release|Any CPU.ActiveCfg = Release|Any CPU
		{D441A5C3-6B0E-4D8B-B298-00E778A94768}.Release|Any CPU.Build.0 = Release|Any CPU
	EndGlobalSection
	GlobalSection(SolutionProperties) = preSolution
		HideSolutionNode = FALSE
	EndGlobalSection
	GlobalSection(ExtensibilityGlobals) = postSolution
		SolutionGuid = {0E51C4AB-BDF3-43A2-A756-45DF99FC8D10}
	EndGlobalSection
EndGlobal
